// !$*UTF8*$!
{
	archiveVersion = 1;
	classes = {
	};
	objectVersion = 50;
	objects = {

/* Begin PBXBuildFile section */
		D82CE70825C98E5000B7BC49 /* AppDelegate.swift in Sources */ = {isa = PBXBuildFile; fileRef = D82CE70725C98E5000B7BC49 /* AppDelegate.swift */; };
		D82CE70A25C98E5000B7BC49 /* SceneDelegate.swift in Sources */ = {isa = PBXBuildFile; fileRef = D82CE70925C98E5000B7BC49 /* SceneDelegate.swift */; };
		D82CE71225C98E5000B7BC49 /* findPetshop_app.xcdatamodeld in Sources */ = {isa = PBXBuildFile; fileRef = D82CE71025C98E5000B7BC49 /* findPetshop_app.xcdatamodeld */; };
		D82CE71425C98E5200B7BC49 /* Assets.xcassets in Resources */ = {isa = PBXBuildFile; fileRef = D82CE71325C98E5200B7BC49 /* Assets.xcassets */; };
		D82CE71725C98E5200B7BC49 /* LaunchScreen.storyboard in Resources */ = {isa = PBXBuildFile; fileRef = D82CE71525C98E5200B7BC49 /* LaunchScreen.storyboard */; };
		D82CE72225C98E5300B7BC49 /* findPetshop_appTests.swift in Sources */ = {isa = PBXBuildFile; fileRef = D82CE72125C98E5300B7BC49 /* findPetshop_appTests.swift */; };
		D82CE72D25C98E5300B7BC49 /* findPetshop_appUITests.swift in Sources */ = {isa = PBXBuildFile; fileRef = D82CE72C25C98E5300B7BC49 /* findPetshop_appUITests.swift */; };
		D82CE74425C9908B00B7BC49 /* Coordinator.swift in Sources */ = {isa = PBXBuildFile; fileRef = D82CE74325C9908B00B7BC49 /* Coordinator.swift */; };
		D82CE74925C990D600B7BC49 /* ViewCode.swift in Sources */ = {isa = PBXBuildFile; fileRef = D82CE74825C990D600B7BC49 /* ViewCode.swift */; };
		D82CE75725C9922800B7BC49 /* MainCoordinator.swift in Sources */ = {isa = PBXBuildFile; fileRef = D82CE75625C9922800B7BC49 /* MainCoordinator.swift */; };
		D82CE75C25C992E800B7BC49 /* MainViewController.swift in Sources */ = {isa = PBXBuildFile; fileRef = D82CE75B25C992E800B7BC49 /* MainViewController.swift */; };
		D82CE76125C9935E00B7BC49 /* MainViewModel.swift in Sources */ = {isa = PBXBuildFile; fileRef = D82CE76025C9935E00B7BC49 /* MainViewModel.swift */; };
		D82CE76625C9965300B7BC49 /* MainView.swift in Sources */ = {isa = PBXBuildFile; fileRef = D82CE76525C9965300B7BC49 /* MainView.swift */; };
		D8B8803925CACC2200C7E328 /* MainTableViewCell.swift in Sources */ = {isa = PBXBuildFile; fileRef = D8B8803825CACC2200C7E328 /* MainTableViewCell.swift */; };
/* End PBXBuildFile section */

/* Begin PBXContainerItemProxy section */
		D82CE71E25C98E5300B7BC49 /* PBXContainerItemProxy */ = {
			isa = PBXContainerItemProxy;
			containerPortal = D82CE6FC25C98E5000B7BC49 /* Project object */;
			proxyType = 1;
			remoteGlobalIDString = D82CE70325C98E5000B7BC49;
			remoteInfo = "findPetshop-app";
		};
		D82CE72925C98E5300B7BC49 /* PBXContainerItemProxy */ = {
			isa = PBXContainerItemProxy;
			containerPortal = D82CE6FC25C98E5000B7BC49 /* Project object */;
			proxyType = 1;
			remoteGlobalIDString = D82CE70325C98E5000B7BC49;
			remoteInfo = "findPetshop-app";
		};
/* End PBXContainerItemProxy section */

/* Begin PBXFileReference section */
		D82CE70425C98E5000B7BC49 /* findPetshop-app.app */ = {isa = PBXFileReference; explicitFileType = wrapper.application; includeInIndex = 0; path = "findPetshop-app.app"; sourceTree = BUILT_PRODUCTS_DIR; };
		D82CE70725C98E5000B7BC49 /* AppDelegate.swift */ = {isa = PBXFileReference; lastKnownFileType = sourcecode.swift; path = AppDelegate.swift; sourceTree = "<group>"; };
		D82CE70925C98E5000B7BC49 /* SceneDelegate.swift */ = {isa = PBXFileReference; lastKnownFileType = sourcecode.swift; path = SceneDelegate.swift; sourceTree = "<group>"; };
		D82CE71125C98E5000B7BC49 /* findPetshop_app.xcdatamodel */ = {isa = PBXFileReference; lastKnownFileType = wrapper.xcdatamodel; path = findPetshop_app.xcdatamodel; sourceTree = "<group>"; };
		D82CE71325C98E5200B7BC49 /* Assets.xcassets */ = {isa = PBXFileReference; lastKnownFileType = folder.assetcatalog; path = Assets.xcassets; sourceTree = "<group>"; };
		D82CE71625C98E5200B7BC49 /* Base */ = {isa = PBXFileReference; lastKnownFileType = file.storyboard; name = Base; path = Base.lproj/LaunchScreen.storyboard; sourceTree = "<group>"; };
		D82CE71825C98E5200B7BC49 /* Info.plist */ = {isa = PBXFileReference; lastKnownFileType = text.plist.xml; path = Info.plist; sourceTree = "<group>"; };
		D82CE71D25C98E5300B7BC49 /* findPetshop-appTests.xctest */ = {isa = PBXFileReference; explicitFileType = wrapper.cfbundle; includeInIndex = 0; path = "findPetshop-appTests.xctest"; sourceTree = BUILT_PRODUCTS_DIR; };
		D82CE72125C98E5300B7BC49 /* findPetshop_appTests.swift */ = {isa = PBXFileReference; lastKnownFileType = sourcecode.swift; path = findPetshop_appTests.swift; sourceTree = "<group>"; };
		D82CE72325C98E5300B7BC49 /* Info.plist */ = {isa = PBXFileReference; lastKnownFileType = text.plist.xml; path = Info.plist; sourceTree = "<group>"; };
		D82CE72825C98E5300B7BC49 /* findPetshop-appUITests.xctest */ = {isa = PBXFileReference; explicitFileType = wrapper.cfbundle; includeInIndex = 0; path = "findPetshop-appUITests.xctest"; sourceTree = BUILT_PRODUCTS_DIR; };
		D82CE72C25C98E5300B7BC49 /* findPetshop_appUITests.swift */ = {isa = PBXFileReference; lastKnownFileType = sourcecode.swift; path = findPetshop_appUITests.swift; sourceTree = "<group>"; };
		D82CE72E25C98E5300B7BC49 /* Info.plist */ = {isa = PBXFileReference; lastKnownFileType = text.plist.xml; path = Info.plist; sourceTree = "<group>"; };
		D82CE74325C9908B00B7BC49 /* Coordinator.swift */ = {isa = PBXFileReference; lastKnownFileType = sourcecode.swift; path = Coordinator.swift; sourceTree = "<group>"; };
		D82CE74825C990D600B7BC49 /* ViewCode.swift */ = {isa = PBXFileReference; lastKnownFileType = sourcecode.swift; path = ViewCode.swift; sourceTree = "<group>"; };
		D82CE75625C9922800B7BC49 /* MainCoordinator.swift */ = {isa = PBXFileReference; lastKnownFileType = sourcecode.swift; path = MainCoordinator.swift; sourceTree = "<group>"; };
		D82CE75B25C992E800B7BC49 /* MainViewController.swift */ = {isa = PBXFileReference; lastKnownFileType = sourcecode.swift; path = MainViewController.swift; sourceTree = "<group>"; };
		D82CE76025C9935E00B7BC49 /* MainViewModel.swift */ = {isa = PBXFileReference; lastKnownFileType = sourcecode.swift; path = MainViewModel.swift; sourceTree = "<group>"; };
		D82CE76525C9965300B7BC49 /* MainView.swift */ = {isa = PBXFileReference; lastKnownFileType = sourcecode.swift; path = MainView.swift; sourceTree = "<group>"; };
		D8B8803825CACC2200C7E328 /* MainTableViewCell.swift */ = {isa = PBXFileReference; lastKnownFileType = sourcecode.swift; path = MainTableViewCell.swift; sourceTree = "<group>"; };
/* End PBXFileReference section */

/* Begin PBXFrameworksBuildPhase section */
		D82CE70125C98E5000B7BC49 /* Frameworks */ = {
			isa = PBXFrameworksBuildPhase;
			buildActionMask = 2147483647;
			files = (
			);
			runOnlyForDeploymentPostprocessing = 0;
		};
		D82CE71A25C98E5300B7BC49 /* Frameworks */ = {
			isa = PBXFrameworksBuildPhase;
			buildActionMask = 2147483647;
			files = (
			);
			runOnlyForDeploymentPostprocessing = 0;
		};
		D82CE72525C98E5300B7BC49 /* Frameworks */ = {
			isa = PBXFrameworksBuildPhase;
			buildActionMask = 2147483647;
			files = (
			);
			runOnlyForDeploymentPostprocessing = 0;
		};
/* End PBXFrameworksBuildPhase section */

/* Begin PBXGroup section */
		D82CE6FB25C98E5000B7BC49 = {
			isa = PBXGroup;
			children = (
				D82CE70625C98E5000B7BC49 /* findPetshop-app */,
				D82CE72025C98E5300B7BC49 /* findPetshop-appTests */,
				D82CE72B25C98E5300B7BC49 /* findPetshop-appUITests */,
				D82CE70525C98E5000B7BC49 /* Products */,
			);
			sourceTree = "<group>";
		};
		D82CE70525C98E5000B7BC49 /* Products */ = {
			isa = PBXGroup;
			children = (
				D82CE70425C98E5000B7BC49 /* findPetshop-app.app */,
				D82CE71D25C98E5300B7BC49 /* findPetshop-appTests.xctest */,
				D82CE72825C98E5300B7BC49 /* findPetshop-appUITests.xctest */,
			);
			name = Products;
			sourceTree = "<group>";
		};
		D82CE70625C98E5000B7BC49 /* findPetshop-app */ = {
			isa = PBXGroup;
			children = (
				D82CE73F25C98EB600B7BC49 /* Configuration */,
				D82CE73E25C98EAE00B7BC49 /* Protocols */,
				D82CE73D25C98EA100B7BC49 /* Scenes */,
				D82CE71325C98E5200B7BC49 /* Assets.xcassets */,
				D82CE71525C98E5200B7BC49 /* LaunchScreen.storyboard */,
				D82CE71825C98E5200B7BC49 /* Info.plist */,
				D82CE71025C98E5000B7BC49 /* findPetshop_app.xcdatamodeld */,
			);
			path = "findPetshop-app";
			sourceTree = "<group>";
		};
		D82CE72025C98E5300B7BC49 /* findPetshop-appTests */ = {
			isa = PBXGroup;
			children = (
				D82CE72125C98E5300B7BC49 /* findPetshop_appTests.swift */,
				D82CE72325C98E5300B7BC49 /* Info.plist */,
			);
			path = "findPetshop-appTests";
			sourceTree = "<group>";
		};
		D82CE72B25C98E5300B7BC49 /* findPetshop-appUITests */ = {
			isa = PBXGroup;
			children = (
				D82CE72C25C98E5300B7BC49 /* findPetshop_appUITests.swift */,
				D82CE72E25C98E5300B7BC49 /* Info.plist */,
			);
			path = "findPetshop-appUITests";
			sourceTree = "<group>";
		};
		D82CE73D25C98EA100B7BC49 /* Scenes */ = {
			isa = PBXGroup;
			children = (
				D82CE74D25C9918500B7BC49 /* Main */,
			);
			path = Scenes;
			sourceTree = "<group>";
		};
		D82CE73E25C98EAE00B7BC49 /* Protocols */ = {
			isa = PBXGroup;
			children = (
				D82CE74325C9908B00B7BC49 /* Coordinator.swift */,
				D82CE74825C990D600B7BC49 /* ViewCode.swift */,
			);
			path = Protocols;
			sourceTree = "<group>";
		};
		D82CE73F25C98EB600B7BC49 /* Configuration */ = {
			isa = PBXGroup;
			children = (
				D82CE70925C98E5000B7BC49 /* SceneDelegate.swift */,
				D82CE70725C98E5000B7BC49 /* AppDelegate.swift */,
			);
			path = Configuration;
			sourceTree = "<group>";
		};
		D82CE74D25C9918500B7BC49 /* Main */ = {
			isa = PBXGroup;
			children = (
				D82CE75225C991EA00B7BC49 /* Coordinator */,
				D82CE75125C991CE00B7BC49 /* Model */,
				D82CE75025C991C600B7BC49 /* ViewModel */,
				D82CE74E25C9919400B7BC49 /* Controller */,
				D82CE74F25C9919A00B7BC49 /* View */,
			);
			path = Main;
			sourceTree = "<group>";
		};
		D82CE74E25C9919400B7BC49 /* Controller */ = {
			isa = PBXGroup;
			children = (
				D82CE75B25C992E800B7BC49 /* MainViewController.swift */,
			);
			path = Controller;
			sourceTree = "<group>";
		};
		D82CE74F25C9919A00B7BC49 /* View */ = {
			isa = PBXGroup;
			children = (
				D82CE76525C9965300B7BC49 /* MainView.swift */,
				D8B8803825CACC2200C7E328 /* MainTableViewCell.swift */,
			);
			path = View;
			sourceTree = "<group>";
		};
		D82CE75025C991C600B7BC49 /* ViewModel */ = {
			isa = PBXGroup;
			children = (
				D82CE76025C9935E00B7BC49 /* MainViewModel.swift */,
			);
			path = ViewModel;
			sourceTree = "<group>";
		};
		D82CE75125C991CE00B7BC49 /* Model */ = {
			isa = PBXGroup;
			children = (
			);
			path = Model;
			sourceTree = "<group>";
		};
		D82CE75225C991EA00B7BC49 /* Coordinator */ = {
			isa = PBXGroup;
			children = (
				D82CE75625C9922800B7BC49 /* MainCoordinator.swift */,
			);
			path = Coordinator;
			sourceTree = "<group>";
		};
/* End PBXGroup section */

/* Begin PBXNativeTarget section */
		D82CE70325C98E5000B7BC49 /* findPetshop-app */ = {
			isa = PBXNativeTarget;
			buildConfigurationList = D82CE73125C98E5300B7BC49 /* Build configuration list for PBXNativeTarget "findPetshop-app" */;
			buildPhases = (
				D82CE70025C98E5000B7BC49 /* Sources */,
				D82CE70125C98E5000B7BC49 /* Frameworks */,
				D82CE70225C98E5000B7BC49 /* Resources */,
			);
			buildRules = (
			);
			dependencies = (
			);
			name = "findPetshop-app";
			productName = "findPetshop-app";
			productReference = D82CE70425C98E5000B7BC49 /* findPetshop-app.app */;
			productType = "com.apple.product-type.application";
		};
		D82CE71C25C98E5300B7BC49 /* findPetshop-appTests */ = {
			isa = PBXNativeTarget;
			buildConfigurationList = D82CE73425C98E5300B7BC49 /* Build configuration list for PBXNativeTarget "findPetshop-appTests" */;
			buildPhases = (
				D82CE71925C98E5300B7BC49 /* Sources */,
				D82CE71A25C98E5300B7BC49 /* Frameworks */,
				D82CE71B25C98E5300B7BC49 /* Resources */,
			);
			buildRules = (
			);
			dependencies = (
				D82CE71F25C98E5300B7BC49 /* PBXTargetDependency */,
			);
			name = "findPetshop-appTests";
			productName = "findPetshop-appTests";
			productReference = D82CE71D25C98E5300B7BC49 /* findPetshop-appTests.xctest */;
			productType = "com.apple.product-type.bundle.unit-test";
		};
		D82CE72725C98E5300B7BC49 /* findPetshop-appUITests */ = {
			isa = PBXNativeTarget;
			buildConfigurationList = D82CE73725C98E5300B7BC49 /* Build configuration list for PBXNativeTarget "findPetshop-appUITests" */;
			buildPhases = (
				D82CE72425C98E5300B7BC49 /* Sources */,
				D82CE72525C98E5300B7BC49 /* Frameworks */,
				D82CE72625C98E5300B7BC49 /* Resources */,
			);
			buildRules = (
			);
			dependencies = (
				D82CE72A25C98E5300B7BC49 /* PBXTargetDependency */,
			);
			name = "findPetshop-appUITests";
			productName = "findPetshop-appUITests";
			productReference = D82CE72825C98E5300B7BC49 /* findPetshop-appUITests.xctest */;
			productType = "com.apple.product-type.bundle.ui-testing";
		};
/* End PBXNativeTarget section */

/* Begin PBXProject section */
		D82CE6FC25C98E5000B7BC49 /* Project object */ = {
			isa = PBXProject;
			attributes = {
				LastSwiftUpdateCheck = 1230;
				LastUpgradeCheck = 1230;
				TargetAttributes = {
					D82CE70325C98E5000B7BC49 = {
						CreatedOnToolsVersion = 12.3;
					};
					D82CE71C25C98E5300B7BC49 = {
						CreatedOnToolsVersion = 12.3;
						TestTargetID = D82CE70325C98E5000B7BC49;
					};
					D82CE72725C98E5300B7BC49 = {
						CreatedOnToolsVersion = 12.3;
						TestTargetID = D82CE70325C98E5000B7BC49;
					};
				};
			};
			buildConfigurationList = D82CE6FF25C98E5000B7BC49 /* Build configuration list for PBXProject "findPetshop-app" */;
			compatibilityVersion = "Xcode 9.3";
			developmentRegion = en;
			hasScannedForEncodings = 0;
			knownRegions = (
				en,
				Base,
			);
			mainGroup = D82CE6FB25C98E5000B7BC49;
			productRefGroup = D82CE70525C98E5000B7BC49 /* Products */;
			projectDirPath = "";
			projectRoot = "";
			targets = (
				D82CE70325C98E5000B7BC49 /* findPetshop-app */,
				D82CE71C25C98E5300B7BC49 /* findPetshop-appTests */,
				D82CE72725C98E5300B7BC49 /* findPetshop-appUITests */,
			);
		};
/* End PBXProject section */

/* Begin PBXResourcesBuildPhase section */
		D82CE70225C98E5000B7BC49 /* Resources */ = {
			isa = PBXResourcesBuildPhase;
			buildActionMask = 2147483647;
			files = (
				D82CE71725C98E5200B7BC49 /* LaunchScreen.storyboard in Resources */,
				D82CE71425C98E5200B7BC49 /* Assets.xcassets in Resources */,
			);
			runOnlyForDeploymentPostprocessing = 0;
		};
		D82CE71B25C98E5300B7BC49 /* Resources */ = {
			isa = PBXResourcesBuildPhase;
			buildActionMask = 2147483647;
			files = (
			);
			runOnlyForDeploymentPostprocessing = 0;
		};
		D82CE72625C98E5300B7BC49 /* Resources */ = {
			isa = PBXResourcesBuildPhase;
			buildActionMask = 2147483647;
			files = (
			);
			runOnlyForDeploymentPostprocessing = 0;
		};
/* End PBXResourcesBuildPhase section */

/* Begin PBXSourcesBuildPhase section */
		D82CE70025C98E5000B7BC49 /* Sources */ = {
			isa = PBXSourcesBuildPhase;
			buildActionMask = 2147483647;
			files = (
				D82CE75C25C992E800B7BC49 /* MainViewController.swift in Sources */,
				D82CE76625C9965300B7BC49 /* MainView.swift in Sources */,
				D82CE71225C98E5000B7BC49 /* findPetshop_app.xcdatamodeld in Sources */,
				D82CE75725C9922800B7BC49 /* MainCoordinator.swift in Sources */,
				D8B8803925CACC2200C7E328 /* MainTableViewCell.swift in Sources */,
				D82CE74425C9908B00B7BC49 /* Coordinator.swift in Sources */,
				D82CE70825C98E5000B7BC49 /* AppDelegate.swift in Sources */,
				D82CE70A25C98E5000B7BC49 /* SceneDelegate.swift in Sources */,
				D82CE74925C990D600B7BC49 /* ViewCode.swift in Sources */,
				D82CE76125C9935E00B7BC49 /* MainViewModel.swift in Sources */,
			);
			runOnlyForDeploymentPostprocessing = 0;
		};
		D82CE71925C98E5300B7BC49 /* Sources */ = {
			isa = PBXSourcesBuildPhase;
			buildActionMask = 2147483647;
			files = (
				D82CE72225C98E5300B7BC49 /* findPetshop_appTests.swift in Sources */,
			);
			runOnlyForDeploymentPostprocessing = 0;
		};
		D82CE72425C98E5300B7BC49 /* Sources */ = {
			isa = PBXSourcesBuildPhase;
			buildActionMask = 2147483647;
			files = (
				D82CE72D25C98E5300B7BC49 /* findPetshop_appUITests.swift in Sources */,
			);
			runOnlyForDeploymentPostprocessing = 0;
		};
/* End PBXSourcesBuildPhase section */

/* Begin PBXTargetDependency section */
		D82CE71F25C98E5300B7BC49 /* PBXTargetDependency */ = {
			isa = PBXTargetDependency;
			target = D82CE70325C98E5000B7BC49 /* findPetshop-app */;
			targetProxy = D82CE71E25C98E5300B7BC49 /* PBXContainerItemProxy */;
		};
		D82CE72A25C98E5300B7BC49 /* PBXTargetDependency */ = {
			isa = PBXTargetDependency;
			target = D82CE70325C98E5000B7BC49 /* findPetshop-app */;
			targetProxy = D82CE72925C98E5300B7BC49 /* PBXContainerItemProxy */;
		};
/* End PBXTargetDependency section */

/* Begin PBXVariantGroup section */
		D82CE71525C98E5200B7BC49 /* LaunchScreen.storyboard */ = {
			isa = PBXVariantGroup;
			children = (
				D82CE71625C98E5200B7BC49 /* Base */,
			);
			name = LaunchScreen.storyboard;
			sourceTree = "<group>";
		};
/* End PBXVariantGroup section */

/* Begin XCBuildConfiguration section */
		D82CE72F25C98E5300B7BC49 /* Debug */ = {
			isa = XCBuildConfiguration;
			buildSettings = {
				ALWAYS_SEARCH_USER_PATHS = NO;
				CLANG_ANALYZER_NONNULL = YES;
				CLANG_ANALYZER_NUMBER_OBJECT_CONVERSION = YES_AGGRESSIVE;
				CLANG_CXX_LANGUAGE_STANDARD = "gnu++14";
				CLANG_CXX_LIBRARY = "libc++";
				CLANG_ENABLE_MODULES = YES;
				CLANG_ENABLE_OBJC_ARC = YES;
				CLANG_ENABLE_OBJC_WEAK = YES;
				CLANG_WARN_BLOCK_CAPTURE_AUTORELEASING = YES;
				CLANG_WARN_BOOL_CONVERSION = YES;
				CLANG_WARN_COMMA = YES;
				CLANG_WARN_CONSTANT_CONVERSION = YES;
				CLANG_WARN_DEPRECATED_OBJC_IMPLEMENTATIONS = YES;
				CLANG_WARN_DIRECT_OBJC_ISA_USAGE = YES_ERROR;
				CLANG_WARN_DOCUMENTATION_COMMENTS = YES;
				CLANG_WARN_EMPTY_BODY = YES;
				CLANG_WARN_ENUM_CONVERSION = YES;
				CLANG_WARN_INFINITE_RECURSION = YES;
				CLANG_WARN_INT_CONVERSION = YES;
				CLANG_WARN_NON_LITERAL_NULL_CONVERSION = YES;
				CLANG_WARN_OBJC_IMPLICIT_RETAIN_SELF = YES;
				CLANG_WARN_OBJC_LITERAL_CONVERSION = YES;
				CLANG_WARN_OBJC_ROOT_CLASS = YES_ERROR;
				CLANG_WARN_QUOTED_INCLUDE_IN_FRAMEWORK_HEADER = YES;
				CLANG_WARN_RANGE_LOOP_ANALYSIS = YES;
				CLANG_WARN_STRICT_PROTOTYPES = YES;
				CLANG_WARN_SUSPICIOUS_MOVE = YES;
				CLANG_WARN_UNGUARDED_AVAILABILITY = YES_AGGRESSIVE;
				CLANG_WARN_UNREACHABLE_CODE = YES;
				CLANG_WARN__DUPLICATE_METHOD_MATCH = YES;
				COPY_PHASE_STRIP = NO;
				DEBUG_INFORMATION_FORMAT = dwarf;
				ENABLE_STRICT_OBJC_MSGSEND = YES;
				ENABLE_TESTABILITY = YES;
				GCC_C_LANGUAGE_STANDARD = gnu11;
				GCC_DYNAMIC_NO_PIC = NO;
				GCC_NO_COMMON_BLOCKS = YES;
				GCC_OPTIMIZATION_LEVEL = 0;
				GCC_PREPROCESSOR_DEFINITIONS = (
					"DEBUG=1",
					"$(inherited)",
				);
				GCC_WARN_64_TO_32_BIT_CONVERSION = YES;
				GCC_WARN_ABOUT_RETURN_TYPE = YES_ERROR;
				GCC_WARN_UNDECLARED_SELECTOR = YES;
				GCC_WARN_UNINITIALIZED_AUTOS = YES_AGGRESSIVE;
				GCC_WARN_UNUSED_FUNCTION = YES;
				GCC_WARN_UNUSED_VARIABLE = YES;
				IPHONEOS_DEPLOYMENT_TARGET = 14.3;
				MTL_ENABLE_DEBUG_INFO = INCLUDE_SOURCE;
				MTL_FAST_MATH = YES;
				ONLY_ACTIVE_ARCH = YES;
				SDKROOT = iphoneos;
				SWIFT_ACTIVE_COMPILATION_CONDITIONS = DEBUG;
				SWIFT_OPTIMIZATION_LEVEL = "-Onone";
			};
			name = Debug;
		};
		D82CE73025C98E5300B7BC49 /* Release */ = {
			isa = XCBuildConfiguration;
			buildSettings = {
				ALWAYS_SEARCH_USER_PATHS = NO;
				CLANG_ANALYZER_NONNULL = YES;
				CLANG_ANALYZER_NUMBER_OBJECT_CONVERSION = YES_AGGRESSIVE;
				CLANG_CXX_LANGUAGE_STANDARD = "gnu++14";
				CLANG_CXX_LIBRARY = "libc++";
				CLANG_ENABLE_MODULES = YES;
				CLANG_ENABLE_OBJC_ARC = YES;
				CLANG_ENABLE_OBJC_WEAK = YES;
				CLANG_WARN_BLOCK_CAPTURE_AUTORELEASING = YES;
				CLANG_WARN_BOOL_CONVERSION = YES;
				CLANG_WARN_COMMA = YES;
				CLANG_WARN_CONSTANT_CONVERSION = YES;
				CLANG_WARN_DEPRECATED_OBJC_IMPLEMENTATIONS = YES;
				CLANG_WARN_DIRECT_OBJC_ISA_USAGE = YES_ERROR;
				CLANG_WARN_DOCUMENTATION_COMMENTS = YES;
				CLANG_WARN_EMPTY_BODY = YES;
				CLANG_WARN_ENUM_CONVERSION = YES;
				CLANG_WARN_INFINITE_RECURSION = YES;
				CLANG_WARN_INT_CONVERSION = YES;
				CLANG_WARN_NON_LITERAL_NULL_CONVERSION = YES;
				CLANG_WARN_OBJC_IMPLICIT_RETAIN_SELF = YES;
				CLANG_WARN_OBJC_LITERAL_CONVERSION = YES;
				CLANG_WARN_OBJC_ROOT_CLASS = YES_ERROR;
				CLANG_WARN_QUOTED_INCLUDE_IN_FRAMEWORK_HEADER = YES;
				CLANG_WARN_RANGE_LOOP_ANALYSIS = YES;
				CLANG_WARN_STRICT_PROTOTYPES = YES;
				CLANG_WARN_SUSPICIOUS_MOVE = YES;
				CLANG_WARN_UNGUARDED_AVAILABILITY = YES_AGGRESSIVE;
				CLANG_WARN_UNREACHABLE_CODE = YES;
				CLANG_WARN__DUPLICATE_METHOD_MATCH = YES;
				COPY_PHASE_STRIP = NO;
				DEBUG_INFORMATION_FORMAT = "dwarf-with-dsym";
				ENABLE_NS_ASSERTIONS = NO;
				ENABLE_STRICT_OBJC_MSGSEND = YES;
				GCC_C_LANGUAGE_STANDARD = gnu11;
				GCC_NO_COMMON_BLOCKS = YES;
				GCC_WARN_64_TO_32_BIT_CONVERSION = YES;
				GCC_WARN_ABOUT_RETURN_TYPE = YES_ERROR;
				GCC_WARN_UNDECLARED_SELECTOR = YES;
				GCC_WARN_UNINITIALIZED_AUTOS = YES_AGGRESSIVE;
				GCC_WARN_UNUSED_FUNCTION = YES;
				GCC_WARN_UNUSED_VARIABLE = YES;
				IPHONEOS_DEPLOYMENT_TARGET = 14.3;
				MTL_ENABLE_DEBUG_INFO = NO;
				MTL_FAST_MATH = YES;
				SDKROOT = iphoneos;
				SWIFT_COMPILATION_MODE = wholemodule;
				SWIFT_OPTIMIZATION_LEVEL = "-O";
				VALIDATE_PRODUCT = YES;
			};
			name = Release;
		};
		D82CE73225C98E5300B7BC49 /* Debug */ = {
			isa = XCBuildConfiguration;
			buildSettings = {
				ASSETCATALOG_COMPILER_APPICON_NAME = AppIcon;
				ASSETCATALOG_COMPILER_GLOBAL_ACCENT_COLOR_NAME = AccentColor;
				CODE_SIGN_STYLE = Automatic;
				DEVELOPMENT_TEAM = 2V8P924DLJ;
				INFOPLIST_FILE = "findPetshop-app/Info.plist";
				LD_RUNPATH_SEARCH_PATHS = (
					"$(inherited)",
					"@executable_path/Frameworks",
				);
				PRODUCT_BUNDLE_IDENTIFIER = "academy.findPetshop-app";
				PRODUCT_NAME = "$(TARGET_NAME)";
				SWIFT_VERSION = 5.0;
				TARGETED_DEVICE_FAMILY = "1,2";
			};
			name = Debug;
		};
		D82CE73325C98E5300B7BC49 /* Release */ = {
			isa = XCBuildConfiguration;
			buildSettings = {
				ASSETCATALOG_COMPILER_APPICON_NAME = AppIcon;
				ASSETCATALOG_COMPILER_GLOBAL_ACCENT_COLOR_NAME = AccentColor;
				CODE_SIGN_STYLE = Automatic;
				DEVELOPMENT_TEAM = 2V8P924DLJ;
				INFOPLIST_FILE = "findPetshop-app/Info.plist";
				LD_RUNPATH_SEARCH_PATHS = (
					"$(inherited)",
					"@executable_path/Frameworks",
				);
				PRODUCT_BUNDLE_IDENTIFIER = "academy.findPetshop-app";
				PRODUCT_NAME = "$(TARGET_NAME)";
				SWIFT_VERSION = 5.0;
				TARGETED_DEVICE_FAMILY = "1,2";
			};
			name = Release;
		};
		D82CE73525C98E5300B7BC49 /* Debug */ = {
			isa = XCBuildConfiguration;
			buildSettings = {
				ALWAYS_EMBED_SWIFT_STANDARD_LIBRARIES = YES;
				BUNDLE_LOADER = "$(TEST_HOST)";
				CODE_SIGN_STYLE = Automatic;
				DEVELOPMENT_TEAM = 2V8P924DLJ;
				INFOPLIST_FILE = "findPetshop-appTests/Info.plist";
				IPHONEOS_DEPLOYMENT_TARGET = 14.3;
				LD_RUNPATH_SEARCH_PATHS = (
					"$(inherited)",
					"@executable_path/Frameworks",
					"@loader_path/Frameworks",
				);
				PRODUCT_BUNDLE_IDENTIFIER = "academy.findPetshop-appTests";
				PRODUCT_NAME = "$(TARGET_NAME)";
				SWIFT_VERSION = 5.0;
				TARGETED_DEVICE_FAMILY = "1,2";
				TEST_HOST = "$(BUILT_PRODUCTS_DIR)/findPetshop-app.app/findPetshop-app";
			};
			name = Debug;
		};
		D82CE73625C98E5300B7BC49 /* Release */ = {
			isa = XCBuildConfiguration;
			buildSettings = {
				ALWAYS_EMBED_SWIFT_STANDARD_LIBRARIES = YES;
				BUNDLE_LOADER = "$(TEST_HOST)";
				CODE_SIGN_STYLE = Automatic;
				DEVELOPMENT_TEAM = 2V8P924DLJ;
				INFOPLIST_FILE = "findPetshop-appTests/Info.plist";
				IPHONEOS_DEPLOYMENT_TARGET = 14.3;
				LD_RUNPATH_SEARCH_PATHS = (
					"$(inherited)",
					"@executable_path/Frameworks",
					"@loader_path/Frameworks",
				);
				PRODUCT_BUNDLE_IDENTIFIER = "academy.findPetshop-appTests";
				PRODUCT_NAME = "$(TARGET_NAME)";
				SWIFT_VERSION = 5.0;
				TARGETED_DEVICE_FAMILY = "1,2";
				TEST_HOST = "$(BUILT_PRODUCTS_DIR)/findPetshop-app.app/findPetshop-app";
			};
			name = Release;
		};
		D82CE73825C98E5300B7BC49 /* Debug */ = {
			isa = XCBuildConfiguration;
			buildSettings = {
				ALWAYS_EMBED_SWIFT_STANDARD_LIBRARIES = YES;
				CODE_SIGN_STYLE = Automatic;
				DEVELOPMENT_TEAM = 2V8P924DLJ;
				INFOPLIST_FILE = "findPetshop-appUITests/Info.plist";
				LD_RUNPATH_SEARCH_PATHS = (
					"$(inherited)",
					"@executable_path/Frameworks",
					"@loader_path/Frameworks",
				);
				PRODUCT_BUNDLE_IDENTIFIER = "academy.findPetshop-appUITests";
				PRODUCT_NAME = "$(TARGET_NAME)";
				SWIFT_VERSION = 5.0;
				TARGETED_DEVICE_FAMILY = "1,2";
				TEST_TARGET_NAME = "findPetshop-app";
			};
			name = Debug;
		};
		D82CE73925C98E5300B7BC49 /* Release */ = {
			isa = XCBuildConfiguration;
			buildSettings = {
				ALWAYS_EMBED_SWIFT_STANDARD_LIBRARIES = YES;
				CODE_SIGN_STYLE = Automatic;
				DEVELOPMENT_TEAM = 2V8P924DLJ;
				INFOPLIST_FILE = "findPetshop-appUITests/Info.plist";
				LD_RUNPATH_SEARCH_PATHS = (
					"$(inherited)",
					"@executable_path/Frameworks",
					"@loader_path/Frameworks",
				);
				PRODUCT_BUNDLE_IDENTIFIER = "academy.findPetshop-appUITests";
				PRODUCT_NAME = "$(TARGET_NAME)";
				SWIFT_VERSION = 5.0;
				TARGETED_DEVICE_FAMILY = "1,2";
				TEST_TARGET_NAME = "findPetshop-app";
			};
			name = Release;
		};
/* End XCBuildConfiguration section */

/* Begin XCConfigurationList section */
		D82CE6FF25C98E5000B7BC49 /* Build configuration list for PBXProject "findPetshop-app" */ = {
			isa = XCConfigurationList;
			buildConfigurations = (
				D82CE72F25C98E5300B7BC49 /* Debug */,
				D82CE73025C98E5300B7BC49 /* Release */,
			);
			defaultConfigurationIsVisible = 0;
			defaultConfigurationName = Release;
		};
		D82CE73125C98E5300B7BC49 /* Build configuration list for PBXNativeTarget "findPetshop-app" */ = {
			isa = XCConfigurationList;
			buildConfigurations = (
				D82CE73225C98E5300B7BC49 /* Debug */,
				D82CE73325C98E5300B7BC49 /* Release */,
			);
			defaultConfigurationIsVisible = 0;
			defaultConfigurationName = Release;
		};
		D82CE73425C98E5300B7BC49 /* Build configuration list for PBXNativeTarget "findPetshop-appTests" */ = {
			isa = XCConfigurationList;
			buildConfigurations = (
				D82CE73525C98E5300B7BC49 /* Debug */,
				D82CE73625C98E5300B7BC49 /* Release */,
			);
			defaultConfigurationIsVisible = 0;
			defaultConfigurationName = Release;
		};
		D82CE73725C98E5300B7BC49 /* Build configuration list for PBXNativeTarget "findPetshop-appUITests" */ = {
			isa = XCConfigurationList;
			buildConfigurations = (
				D82CE73825C98E5300B7BC49 /* Debug */,
				D82CE73925C98E5300B7BC49 /* Release */,
			);
			defaultConfigurationIsVisible = 0;
			defaultConfigurationName = Release;
		};
/* End XCConfigurationList section */

/* Begin XCVersionGroup section */
		D82CE71025C98E5000B7BC49 /* findPetshop_app.xcdatamodeld */ = {
			isa = XCVersionGroup;
			children = (
				D82CE71125C98E5000B7BC49 /* findPetshop_app.xcdatamodel */,
			);
			currentVersion = D82CE71125C98E5000B7BC49 /* findPetshop_app.xcdatamodel */;
			path = findPetshop_app.xcdatamodeld;
			sourceTree = "<group>";
			versionGroupType = wrapper.xcdatamodel;
		};
/* End XCVersionGroup section */
	};
	rootObject = D82CE6FC25C98E5000B7BC49 /* Project object */;
}
